        # Generated by pub. See: http://pub.dartlang.org/doc/glossary.html#lockfile
         {"packages":{"browser":{"version":"0.4.2","source":"hosted","description":"browser"},"unittest":{"version":"0.4.2","source":"hosted","description":"unittest"},"vint":{"version":"0.5.0","source":"hosted","description":"vint"},"uuid":{"version":"0.1.2","source":"hosted","description":"uuid"},"meta":{"version":"0.4.2","source":"hosted","description":"meta"},"dartmocks":{"version":"0.3.6","source":"hosted","description":"dartmocks"}}}
        